PODS:
  - TXIMSDK_Plus_iOS_XCFramework (9.0.7659)

DEPENDENCIES:
  - TXIMSDK_Plus_iOS_XCFramework

SPEC REPOS:
  trunk:
    - TXIMSDK_Plus_iOS_XCFramework

SPEC CHECKSUMS:
  TXIMSDK_Plus_iOS_XCFramework: 650f87c12836d2e29f42faca4a665e92047bdaca

PODFILE CHECKSUM: 99adeb566aa4486d9147db693cf5296ae0595e95

COCOAPODS: 1.16.2
